// !$*UTF8*$!
{
	archiveVersion = 1;
	classes = {
	};
	objectVersion = 56;
	objects = {

/* Begin PBXBuildFile section */
		3C527FEA2AC5D9DA008A76F6 /* DetailsHeroViewController.swift in Sources */ = {isa = PBXBuildFile; fileRef = 3C527FE82AC5D9DA008A76F6 /* DetailsHeroViewController.swift */; };
		3C527FEB2AC5D9DA008A76F6 /* DetailsHeroViewController.xib in Resources */ = {isa = PBXBuildFile; fileRef = 3C527FE92AC5D9DA008A76F6 /* DetailsHeroViewController.xib */; };
		3C6047802AC71DFD00309D66 /* TransformationDetailViewController.swift in Sources */ = {isa = PBXBuildFile; fileRef = 3C60477E2AC71DFD00309D66 /* TransformationDetailViewController.swift */; };
		3C6047812AC71DFD00309D66 /* TransformationDetailViewController.xib in Resources */ = {isa = PBXBuildFile; fileRef = 3C60477F2AC71DFD00309D66 /* TransformationDetailViewController.xib */; };
		3C6F55C32ABCA9520072A0F4 /* AppDelegate.swift in Sources */ = {isa = PBXBuildFile; fileRef = 3C6F55C22ABCA9520072A0F4 /* AppDelegate.swift */; };
		3C6F55C52ABCA9520072A0F4 /* SceneDelegate.swift in Sources */ = {isa = PBXBuildFile; fileRef = 3C6F55C42ABCA9520072A0F4 /* SceneDelegate.swift */; };
		3C6F55C72ABCA9520072A0F4 /* ViewController.swift in Sources */ = {isa = PBXBuildFile; fileRef = 3C6F55C62ABCA9520072A0F4 /* ViewController.swift */; };
		3C6F55CC2ABCA9530072A0F4 /* Assets.xcassets in Resources */ = {isa = PBXBuildFile; fileRef = 3C6F55CB2ABCA9530072A0F4 /* Assets.xcassets */; };
		3C6F55CF2ABCA9530072A0F4 /* LaunchScreen.storyboard in Resources */ = {isa = PBXBuildFile; fileRef = 3C6F55CD2ABCA9530072A0F4 /* LaunchScreen.storyboard */; };
		3C6F55DA2ABCA9540072A0F4 /* DragonBall_APPTests.swift in Sources */ = {isa = PBXBuildFile; fileRef = 3C6F55D92ABCA9540072A0F4 /* DragonBall_APPTests.swift */; };
		3C6F55E42ABCA9540072A0F4 /* DragonBall_APPUITests.swift in Sources */ = {isa = PBXBuildFile; fileRef = 3C6F55E32ABCA9540072A0F4 /* DragonBall_APPUITests.swift */; };
		3C6F55E62ABCA9540072A0F4 /* DragonBall_APPUITestsLaunchTests.swift in Sources */ = {isa = PBXBuildFile; fileRef = 3C6F55E52ABCA9540072A0F4 /* DragonBall_APPUITestsLaunchTests.swift */; };
		3C6F55FA2ABCADC70072A0F4 /* LoginViewController.swift in Sources */ = {isa = PBXBuildFile; fileRef = 3C6F55F82ABCADC70072A0F4 /* LoginViewController.swift */; };
		3C6F55FB2ABCADC70072A0F4 /* LoginViewController.xib in Resources */ = {isa = PBXBuildFile; fileRef = 3C6F55F92ABCADC70072A0F4 /* LoginViewController.xib */; };
		3CCAE2452AC41B1500C5D2FC /* Transformations.swift in Sources */ = {isa = PBXBuildFile; fileRef = 3CCAE2442AC41B1500C5D2FC /* Transformations.swift */; };
		3CCAE2472AC41E4000C5D2FC /* GetTrasformationsBody.swift in Sources */ = {isa = PBXBuildFile; fileRef = 3CCAE2462AC41E4000C5D2FC /* GetTrasformationsBody.swift */; };
		3CCAE2492AC43C4C00C5D2FC /* LocalData.swift in Sources */ = {isa = PBXBuildFile; fileRef = 3CCAE2482AC43C4C00C5D2FC /* LocalData.swift */; };
		3CCAE25A2AC4D9AC00C5D2FC /* CustomCellTableViewCell.swift in Sources */ = {isa = PBXBuildFile; fileRef = 3CCAE2582AC4D9AC00C5D2FC /* CustomCellTableViewCell.swift */; };
		3CCAE25B2AC4D9AC00C5D2FC /* CustomCellTableViewCell.xib in Resources */ = {isa = PBXBuildFile; fileRef = 3CCAE2592AC4D9AC00C5D2FC /* CustomCellTableViewCell.xib */; };
		3CCAE25D2AC4ECE700C5D2FC /* UIImageView+Remote.swift in Sources */ = {isa = PBXBuildFile; fileRef = 3CCAE25C2AC4ECE700C5D2FC /* UIImageView+Remote.swift */; };
		3CCAE2602AC4FC7000C5D2FC /* HeroesListTableViewController.swift in Sources */ = {isa = PBXBuildFile; fileRef = 3CCAE25E2AC4FC7000C5D2FC /* HeroesListTableViewController.swift */; };
		3CCAE2612AC4FC7000C5D2FC /* HeroesListTableViewController.xib in Resources */ = {isa = PBXBuildFile; fileRef = 3CCAE25F2AC4FC7000C5D2FC /* HeroesListTableViewController.xib */; };
		3CEF759A2AC6313400B195ED /* TransformationsViewController.xib in Resources */ = {isa = PBXBuildFile; fileRef = 3CEF75982AC6313400B195ED /* TransformationsViewController.xib */; };
		3CEF759F2AC640BA00B195ED /* TransformationViewController.swift in Sources */ = {isa = PBXBuildFile; fileRef = 3CEF759D2AC640BA00B195ED /* TransformationViewController.swift */; };
		3CF9C1482AC1E136003A2EAD /* ConnectivityModel.swift in Sources */ = {isa = PBXBuildFile; fileRef = 3CF9C1472AC1E136003A2EAD /* ConnectivityModel.swift */; };
		3CF9C14A2AC1F33D003A2EAD /* AllHeroes.swift in Sources */ = {isa = PBXBuildFile; fileRef = 3CF9C1492AC1F33D003A2EAD /* AllHeroes.swift */; };
/* End PBXBuildFile section */

/* Begin PBXContainerItemProxy section */
		3C6F55D62ABCA9540072A0F4 /* PBXContainerItemProxy */ = {
			isa = PBXContainerItemProxy;
			containerPortal = 3C6F55B72ABCA9520072A0F4 /* Project object */;
			proxyType = 1;
			remoteGlobalIDString = 3C6F55BE2ABCA9520072A0F4;
			remoteInfo = "DragonBall-APP";
		};
		3C6F55E02ABCA9540072A0F4 /* PBXContainerItemProxy */ = {
			isa = PBXContainerItemProxy;
			containerPortal = 3C6F55B72ABCA9520072A0F4 /* Project object */;
			proxyType = 1;
			remoteGlobalIDString = 3C6F55BE2ABCA9520072A0F4;
			remoteInfo = "DragonBall-APP";
		};
/* End PBXContainerItemProxy section */

/* Begin PBXFileReference section */
		3C527FE82AC5D9DA008A76F6 /* DetailsHeroViewController.swift */ = {isa = PBXFileReference; lastKnownFileType = sourcecode.swift; path = DetailsHeroViewController.swift; sourceTree = "<group>"; };
		3C527FE92AC5D9DA008A76F6 /* DetailsHeroViewController.xib */ = {isa = PBXFileReference; lastKnownFileType = file.xib; path = DetailsHeroViewController.xib; sourceTree = "<group>"; };
		3C60477E2AC71DFD00309D66 /* TransformationDetailViewController.swift */ = {isa = PBXFileReference; lastKnownFileType = sourcecode.swift; path = TransformationDetailViewController.swift; sourceTree = "<group>"; };
		3C60477F2AC71DFD00309D66 /* TransformationDetailViewController.xib */ = {isa = PBXFileReference; lastKnownFileType = file.xib; path = TransformationDetailViewController.xib; sourceTree = "<group>"; };
		3C6F55BF2ABCA9520072A0F4 /* DragonBall-APP.app */ = {isa = PBXFileReference; explicitFileType = wrapper.application; includeInIndex = 0; path = "DragonBall-APP.app"; sourceTree = BUILT_PRODUCTS_DIR; };
		3C6F55C22ABCA9520072A0F4 /* AppDelegate.swift */ = {isa = PBXFileReference; lastKnownFileType = sourcecode.swift; path = AppDelegate.swift; sourceTree = "<group>"; };
		3C6F55C42ABCA9520072A0F4 /* SceneDelegate.swift */ = {isa = PBXFileReference; lastKnownFileType = sourcecode.swift; path = SceneDelegate.swift; sourceTree = "<group>"; };
		3C6F55C62ABCA9520072A0F4 /* ViewController.swift */ = {isa = PBXFileReference; lastKnownFileType = sourcecode.swift; path = ViewController.swift; sourceTree = "<group>"; };
		3C6F55CB2ABCA9530072A0F4 /* Assets.xcassets */ = {isa = PBXFileReference; lastKnownFileType = folder.assetcatalog; path = Assets.xcassets; sourceTree = "<group>"; };
		3C6F55CE2ABCA9530072A0F4 /* Base */ = {isa = PBXFileReference; lastKnownFileType = file.storyboard; name = Base; path = Base.lproj/LaunchScreen.storyboard; sourceTree = "<group>"; };
		3C6F55D02ABCA9530072A0F4 /* Info.plist */ = {isa = PBXFileReference; lastKnownFileType = text.plist.xml; path = Info.plist; sourceTree = "<group>"; };
		3C6F55D52ABCA9540072A0F4 /* DragonBall-APPTests.xctest */ = {isa = PBXFileReference; explicitFileType = wrapper.cfbundle; includeInIndex = 0; path = "DragonBall-APPTests.xctest"; sourceTree = BUILT_PRODUCTS_DIR; };
		3C6F55D92ABCA9540072A0F4 /* DragonBall_APPTests.swift */ = {isa = PBXFileReference; lastKnownFileType = sourcecode.swift; path = DragonBall_APPTests.swift; sourceTree = "<group>"; };
		3C6F55DF2ABCA9540072A0F4 /* DragonBall-APPUITests.xctest */ = {isa = PBXFileReference; explicitFileType = wrapper.cfbundle; includeInIndex = 0; path = "DragonBall-APPUITests.xctest"; sourceTree = BUILT_PRODUCTS_DIR; };
		3C6F55E32ABCA9540072A0F4 /* DragonBall_APPUITests.swift */ = {isa = PBXFileReference; lastKnownFileType = sourcecode.swift; path = DragonBall_APPUITests.swift; sourceTree = "<group>"; };
		3C6F55E52ABCA9540072A0F4 /* DragonBall_APPUITestsLaunchTests.swift */ = {isa = PBXFileReference; lastKnownFileType = sourcecode.swift; path = DragonBall_APPUITestsLaunchTests.swift; sourceTree = "<group>"; };
		3C6F55F82ABCADC70072A0F4 /* LoginViewController.swift */ = {isa = PBXFileReference; lastKnownFileType = sourcecode.swift; path = LoginViewController.swift; sourceTree = "<group>"; };
		3C6F55F92ABCADC70072A0F4 /* LoginViewController.xib */ = {isa = PBXFileReference; lastKnownFileType = file.xib; path = LoginViewController.xib; sourceTree = "<group>"; };
		3CCAE2442AC41B1500C5D2FC /* Transformations.swift */ = {isa = PBXFileReference; lastKnownFileType = sourcecode.swift; path = Transformations.swift; sourceTree = "<group>"; };
		3CCAE2462AC41E4000C5D2FC /* GetTrasformationsBody.swift */ = {isa = PBXFileReference; lastKnownFileType = sourcecode.swift; path = GetTrasformationsBody.swift; sourceTree = "<group>"; };
		3CCAE2482AC43C4C00C5D2FC /* LocalData.swift */ = {isa = PBXFileReference; lastKnownFileType = sourcecode.swift; path = LocalData.swift; sourceTree = "<group>"; };
		3CCAE2582AC4D9AC00C5D2FC /* CustomCellTableViewCell.swift */ = {isa = PBXFileReference; lastKnownFileType = sourcecode.swift; path = CustomCellTableViewCell.swift; sourceTree = "<group>"; };
		3CCAE2592AC4D9AC00C5D2FC /* CustomCellTableViewCell.xib */ = {isa = PBXFileReference; lastKnownFileType = file.xib; path = CustomCellTableViewCell.xib; sourceTree = "<group>"; };
		3CCAE25C2AC4ECE700C5D2FC /* UIImageView+Remote.swift */ = {isa = PBXFileReference; lastKnownFileType = sourcecode.swift; path = "UIImageView+Remote.swift"; sourceTree = "<group>"; };
		3CCAE25E2AC4FC7000C5D2FC /* HeroesListTableViewController.swift */ = {isa = PBXFileReference; lastKnownFileType = sourcecode.swift; path = HeroesListTableViewController.swift; sourceTree = "<group>"; };
		3CCAE25F2AC4FC7000C5D2FC /* HeroesListTableViewController.xib */ = {isa = PBXFileReference; lastKnownFileType = file.xib; path = HeroesListTableViewController.xib; sourceTree = "<group>"; };
		3CEF75982AC6313400B195ED /* TransformationsViewController.xib */ = {isa = PBXFileReference; lastKnownFileType = file.xib; path = TransformationsViewController.xib; sourceTree = "<group>"; };
		3CEF759D2AC640BA00B195ED /* TransformationViewController.swift */ = {isa = PBXFileReference; lastKnownFileType = sourcecode.swift; path = TransformationViewController.swift; sourceTree = "<group>"; };
		3CF9C1472AC1E136003A2EAD /* ConnectivityModel.swift */ = {isa = PBXFileReference; lastKnownFileType = sourcecode.swift; path = ConnectivityModel.swift; sourceTree = "<group>"; };
		3CF9C1492AC1F33D003A2EAD /* AllHeroes.swift */ = {isa = PBXFileReference; lastKnownFileType = sourcecode.swift; path = AllHeroes.swift; sourceTree = "<group>"; };
/* End PBXFileReference section */

/* Begin PBXFrameworksBuildPhase section */
		3C6F55BC2ABCA9520072A0F4 /* Frameworks */ = {
			isa = PBXFrameworksBuildPhase;
			buildActionMask = 2147483647;
			files = (
			);
			runOnlyForDeploymentPostprocessing = 0;
		};
		3C6F55D22ABCA9540072A0F4 /* Frameworks */ = {
			isa = PBXFrameworksBuildPhase;
			buildActionMask = 2147483647;
			files = (
			);
			runOnlyForDeploymentPostprocessing = 0;
		};
		3C6F55DC2ABCA9540072A0F4 /* Frameworks */ = {
			isa = PBXFrameworksBuildPhase;
			buildActionMask = 2147483647;
			files = (
			);
			runOnlyForDeploymentPostprocessing = 0;
		};
/* End PBXFrameworksBuildPhase section */

/* Begin PBXGroup section */
		3C1BFA8C2AC5EA1F00581D85 /* DetailsHeroes */ = {
			isa = PBXGroup;
			children = (
				3C527FE82AC5D9DA008A76F6 /* DetailsHeroViewController.swift */,
				3C527FE92AC5D9DA008A76F6 /* DetailsHeroViewController.xib */,
			);
			path = DetailsHeroes;
			sourceTree = "<group>";
		};
		3C527FE52AC5D8B1008A76F6 /* Views+Controllers */ = {
			isa = PBXGroup;
			children = (
				3C6F55F72ABCAD780072A0F4 /* Login */,
				3C527FE62AC5D8EF008A76F6 /* HeroesList */,
				3C527FE72AC5D93A008A76F6 /* HeroesCustomCell */,
				3C1BFA8C2AC5EA1F00581D85 /* DetailsHeroes */,
				3C60477D2AC6CB5200309D66 /* Transformations */,
			);
			path = "Views+Controllers";
			sourceTree = "<group>";
		};
		3C527FE62AC5D8EF008A76F6 /* HeroesList */ = {
			isa = PBXGroup;
			children = (
				3CCAE25E2AC4FC7000C5D2FC /* HeroesListTableViewController.swift */,
				3CCAE25F2AC4FC7000C5D2FC /* HeroesListTableViewController.xib */,
			);
			path = HeroesList;
			sourceTree = "<group>";
		};
		3C527FE72AC5D93A008A76F6 /* HeroesCustomCell */ = {
			isa = PBXGroup;
			children = (
				3CCAE2582AC4D9AC00C5D2FC /* CustomCellTableViewCell.swift */,
				3CCAE2592AC4D9AC00C5D2FC /* CustomCellTableViewCell.xib */,
			);
			path = HeroesCustomCell;
			sourceTree = "<group>";
		};
		3C60477D2AC6CB5200309D66 /* Transformations */ = {
			isa = PBXGroup;
			children = (
				3CEF759D2AC640BA00B195ED /* TransformationViewController.swift */,
				3CEF75982AC6313400B195ED /* TransformationsViewController.xib */,
			);
			path = Transformations;
			sourceTree = "<group>";
		};
		3C6F55B62ABCA9520072A0F4 = {
			isa = PBXGroup;
			children = (
				3C6F55C12ABCA9520072A0F4 /* DragonBall-APP */,
				3C6F55D82ABCA9540072A0F4 /* DragonBall-APPTests */,
				3C6F55E22ABCA9540072A0F4 /* DragonBall-APPUITests */,
				3C6F55C02ABCA9520072A0F4 /* Products */,
			);
			sourceTree = "<group>";
		};
		3C6F55C02ABCA9520072A0F4 /* Products */ = {
			isa = PBXGroup;
			children = (
				3C6F55BF2ABCA9520072A0F4 /* DragonBall-APP.app */,
				3C6F55D52ABCA9540072A0F4 /* DragonBall-APPTests.xctest */,
				3C6F55DF2ABCA9540072A0F4 /* DragonBall-APPUITests.xctest */,
			);
			name = Products;
			sourceTree = "<group>";
		};
		3C6F55C12ABCA9520072A0F4 /* DragonBall-APP */ = {
			isa = PBXGroup;
			children = (
				3CF9C1462AC1DFCE003A2EAD /* Models */,
				3C6F55C22ABCA9520072A0F4 /* AppDelegate.swift */,
				3C6F55C42ABCA9520072A0F4 /* SceneDelegate.swift */,
				3C6F55C62ABCA9520072A0F4 /* ViewController.swift */,
				3C6F55CB2ABCA9530072A0F4 /* Assets.xcassets */,
				3C6F55CD2ABCA9530072A0F4 /* LaunchScreen.storyboard */,
				3CCAE25C2AC4ECE700C5D2FC /* UIImageView+Remote.swift */,
				3C6F55D02ABCA9530072A0F4 /* Info.plist */,
				3C60477E2AC71DFD00309D66 /* TransformationDetailViewController.swift */,
				3C60477F2AC71DFD00309D66 /* TransformationDetailViewController.xib */,
			);
			path = "DragonBall-APP";
			sourceTree = "<group>";
		};
		3C6F55D82ABCA9540072A0F4 /* DragonBall-APPTests */ = {
			isa = PBXGroup;
			children = (
				3C6F55D92ABCA9540072A0F4 /* DragonBall_APPTests.swift */,
			);
			path = "DragonBall-APPTests";
			sourceTree = "<group>";
		};
		3C6F55E22ABCA9540072A0F4 /* DragonBall-APPUITests */ = {
			isa = PBXGroup;
			children = (
				3C6F55E32ABCA9540072A0F4 /* DragonBall_APPUITests.swift */,
				3C6F55E52ABCA9540072A0F4 /* DragonBall_APPUITestsLaunchTests.swift */,
			);
			path = "DragonBall-APPUITests";
			sourceTree = "<group>";
		};
		3C6F55F72ABCAD780072A0F4 /* Login */ = {
			isa = PBXGroup;
			children = (
				3C6F55F82ABCADC70072A0F4 /* LoginViewController.swift */,
				3C6F55F92ABCADC70072A0F4 /* LoginViewController.xib */,
			);
			path = Login;
			sourceTree = "<group>";
		};
		3CF9C1462AC1DFCE003A2EAD /* Models */ = {
			isa = PBXGroup;
			children = (
				3CF9C1472AC1E136003A2EAD /* ConnectivityModel.swift */,
				3CF9C1492AC1F33D003A2EAD /* AllHeroes.swift */,
				3CCAE2442AC41B1500C5D2FC /* Transformations.swift */,
				3CCAE2462AC41E4000C5D2FC /* GetTrasformationsBody.swift */,
				3CCAE2482AC43C4C00C5D2FC /* LocalData.swift */,
				3C527FE52AC5D8B1008A76F6 /* Views+Controllers */,
			);
			path = Models;
			sourceTree = "<group>";
		};
/* End PBXGroup section */

/* Begin PBXNativeTarget section */
		3C6F55BE2ABCA9520072A0F4 /* DragonBall-APP */ = {
			isa = PBXNativeTarget;
			buildConfigurationList = 3C6F55E92ABCA9540072A0F4 /* Build configuration list for PBXNativeTarget "DragonBall-APP" */;
			buildPhases = (
				3C6F55BB2ABCA9520072A0F4 /* Sources */,
				3C6F55BC2ABCA9520072A0F4 /* Frameworks */,
				3C6F55BD2ABCA9520072A0F4 /* Resources */,
			);
			buildRules = (
			);
			dependencies = (
			);
			name = "DragonBall-APP";
			productName = "DragonBall-APP";
			productReference = 3C6F55BF2ABCA9520072A0F4 /* DragonBall-APP.app */;
			productType = "com.apple.product-type.application";
		};
		3C6F55D42ABCA9540072A0F4 /* DragonBall-APPTests */ = {
			isa = PBXNativeTarget;
			buildConfigurationList = 3C6F55EC2ABCA9540072A0F4 /* Build configuration list for PBXNativeTarget "DragonBall-APPTests" */;
			buildPhases = (
				3C6F55D12ABCA9540072A0F4 /* Sources */,
				3C6F55D22ABCA9540072A0F4 /* Frameworks */,
				3C6F55D32ABCA9540072A0F4 /* Resources */,
			);
			buildRules = (
			);
			dependencies = (
				3C6F55D72ABCA9540072A0F4 /* PBXTargetDependency */,
			);
			name = "DragonBall-APPTests";
			productName = "DragonBall-APPTests";
			productReference = 3C6F55D52ABCA9540072A0F4 /* DragonBall-APPTests.xctest */;
			productType = "com.apple.product-type.bundle.unit-test";
		};
		3C6F55DE2ABCA9540072A0F4 /* DragonBall-APPUITests */ = {
			isa = PBXNativeTarget;
			buildConfigurationList = 3C6F55EF2ABCA9540072A0F4 /* Build configuration list for PBXNativeTarget "DragonBall-APPUITests" */;
			buildPhases = (
				3C6F55DB2ABCA9540072A0F4 /* Sources */,
				3C6F55DC2ABCA9540072A0F4 /* Frameworks */,
				3C6F55DD2ABCA9540072A0F4 /* Resources */,
			);
			buildRules = (
			);
			dependencies = (
				3C6F55E12ABCA9540072A0F4 /* PBXTargetDependency */,
			);
			name = "DragonBall-APPUITests";
			productName = "DragonBall-APPUITests";
			productReference = 3C6F55DF2ABCA9540072A0F4 /* DragonBall-APPUITests.xctest */;
			productType = "com.apple.product-type.bundle.ui-testing";
		};
/* End PBXNativeTarget section */

/* Begin PBXProject section */
		3C6F55B72ABCA9520072A0F4 /* Project object */ = {
			isa = PBXProject;
			attributes = {
				BuildIndependentTargetsInParallel = 1;
				LastSwiftUpdateCheck = 1430;
				LastUpgradeCheck = 1430;
				TargetAttributes = {
					3C6F55BE2ABCA9520072A0F4 = {
						CreatedOnToolsVersion = 14.3.1;
						LastSwiftMigration = 1500;
					};
					3C6F55D42ABCA9540072A0F4 = {
						CreatedOnToolsVersion = 14.3.1;
						TestTargetID = 3C6F55BE2ABCA9520072A0F4;
					};
					3C6F55DE2ABCA9540072A0F4 = {
						CreatedOnToolsVersion = 14.3.1;
						TestTargetID = 3C6F55BE2ABCA9520072A0F4;
					};
				};
			};
			buildConfigurationList = 3C6F55BA2ABCA9520072A0F4 /* Build configuration list for PBXProject "DragonBall-APP" */;
			compatibilityVersion = "Xcode 14.0";
			developmentRegion = en;
			hasScannedForEncodings = 0;
			knownRegions = (
				en,
				Base,
			);
			mainGroup = 3C6F55B62ABCA9520072A0F4;
			productRefGroup = 3C6F55C02ABCA9520072A0F4 /* Products */;
			projectDirPath = "";
			projectRoot = "";
			targets = (
				3C6F55BE2ABCA9520072A0F4 /* DragonBall-APP */,
				3C6F55D42ABCA9540072A0F4 /* DragonBall-APPTests */,
				3C6F55DE2ABCA9540072A0F4 /* DragonBall-APPUITests */,
			);
		};
/* End PBXProject section */

/* Begin PBXResourcesBuildPhase section */
		3C6F55BD2ABCA9520072A0F4 /* Resources */ = {
			isa = PBXResourcesBuildPhase;
			buildActionMask = 2147483647;
			files = (
				3C6047812AC71DFD00309D66 /* TransformationDetailViewController.xib in Resources */,
				3C6F55CF2ABCA9530072A0F4 /* LaunchScreen.storyboard in Resources */,
				3CCAE25B2AC4D9AC00C5D2FC /* CustomCellTableViewCell.xib in Resources */,
				3CCAE2612AC4FC7000C5D2FC /* HeroesListTableViewController.xib in Resources */,
				3C6F55CC2ABCA9530072A0F4 /* Assets.xcassets in Resources */,
				3C6F55FB2ABCADC70072A0F4 /* LoginViewController.xib in Resources */,
				3CEF759A2AC6313400B195ED /* TransformationsViewController.xib in Resources */,
				3C527FEB2AC5D9DA008A76F6 /* DetailsHeroViewController.xib in Resources */,
			);
			runOnlyForDeploymentPostprocessing = 0;
		};
		3C6F55D32ABCA9540072A0F4 /* Resources */ = {
			isa = PBXResourcesBuildPhase;
			buildActionMask = 2147483647;
			files = (
			);
			runOnlyForDeploymentPostprocessing = 0;
		};
		3C6F55DD2ABCA9540072A0F4 /* Resources */ = {
			isa = PBXResourcesBuildPhase;
			buildActionMask = 2147483647;
			files = (
			);
			runOnlyForDeploymentPostprocessing = 0;
		};
/* End PBXResourcesBuildPhase section */

/* Begin PBXSourcesBuildPhase section */
		3C6F55BB2ABCA9520072A0F4 /* Sources */ = {
			isa = PBXSourcesBuildPhase;
			buildActionMask = 2147483647;
			files = (
				3C6F55FA2ABCADC70072A0F4 /* LoginViewController.swift in Sources */,
				3CCAE2492AC43C4C00C5D2FC /* LocalData.swift in Sources */,
				3C6047802AC71DFD00309D66 /* TransformationDetailViewController.swift in Sources */,
				3CCAE2472AC41E4000C5D2FC /* GetTrasformationsBody.swift in Sources */,
				3C6F55C72ABCA9520072A0F4 /* ViewController.swift in Sources */,
				3CCAE25A2AC4D9AC00C5D2FC /* CustomCellTableViewCell.swift in Sources */,
				3CCAE2452AC41B1500C5D2FC /* Transformations.swift in Sources */,
				3CEF759F2AC640BA00B195ED /* TransformationViewController.swift in Sources */,
				3CCAE25D2AC4ECE700C5D2FC /* UIImageView+Remote.swift in Sources */,
				3C6F55C32ABCA9520072A0F4 /* AppDelegate.swift in Sources */,
				3CF9C14A2AC1F33D003A2EAD /* AllHeroes.swift in Sources */,
				3C527FEA2AC5D9DA008A76F6 /* DetailsHeroViewController.swift in Sources */,
				3CF9C1482AC1E136003A2EAD /* ConnectivityModel.swift in Sources */,
				3C6F55C52ABCA9520072A0F4 /* SceneDelegate.swift in Sources */,
				3CCAE2602AC4FC7000C5D2FC /* HeroesListTableViewController.swift in Sources */,
			);
			runOnlyForDeploymentPostprocessing = 0;
		};
		3C6F55D12ABCA9540072A0F4 /* Sources */ = {
			isa = PBXSourcesBuildPhase;
			buildActionMask = 2147483647;
			files = (
				3C6F55DA2ABCA9540072A0F4 /* DragonBall_APPTests.swift in Sources */,
			);
			runOnlyForDeploymentPostprocessing = 0;
		};
		3C6F55DB2ABCA9540072A0F4 /* Sources */ = {
			isa = PBXSourcesBuildPhase;
			buildActionMask = 2147483647;
			files = (
				3C6F55E62ABCA9540072A0F4 /* DragonBall_APPUITestsLaunchTests.swift in Sources */,
				3C6F55E42ABCA9540072A0F4 /* DragonBall_APPUITests.swift in Sources */,
			);
			runOnlyForDeploymentPostprocessing = 0;
		};
/* End PBXSourcesBuildPhase section */

/* Begin PBXTargetDependency section */
		3C6F55D72ABCA9540072A0F4 /* PBXTargetDependency */ = {
			isa = PBXTargetDependency;
			target = 3C6F55BE2ABCA9520072A0F4 /* DragonBall-APP */;
			targetProxy = 3C6F55D62ABCA9540072A0F4 /* PBXContainerItemProxy */;
		};
		3C6F55E12ABCA9540072A0F4 /* PBXTargetDependency */ = {
			isa = PBXTargetDependency;
			target = 3C6F55BE2ABCA9520072A0F4 /* DragonBall-APP */;
			targetProxy = 3C6F55E02ABCA9540072A0F4 /* PBXContainerItemProxy */;
		};
/* End PBXTargetDependency section */

/* Begin PBXVariantGroup section */
		3C6F55CD2ABCA9530072A0F4 /* LaunchScreen.storyboard */ = {
			isa = PBXVariantGroup;
			children = (
				3C6F55CE2ABCA9530072A0F4 /* Base */,
			);
			name = LaunchScreen.storyboard;
			sourceTree = "<group>";
		};
/* End PBXVariantGroup section */

/* Begin XCBuildConfiguration section */
		3C6F55E72ABCA9540072A0F4 /* Debug */ = {
			isa = XCBuildConfiguration;
			buildSettings = {
				ALWAYS_SEARCH_USER_PATHS = NO;
				CLANG_ANALYZER_NONNULL = YES;
				CLANG_ANALYZER_NUMBER_OBJECT_CONVERSION = YES_AGGRESSIVE;
				CLANG_CXX_LANGUAGE_STANDARD = "gnu++20";
				CLANG_ENABLE_MODULES = YES;
				CLANG_ENABLE_OBJC_ARC = YES;
				CLANG_ENABLE_OBJC_WEAK = YES;
				CLANG_WARN_BLOCK_CAPTURE_AUTORELEASING = YES;
				CLANG_WARN_BOOL_CONVERSION = YES;
				CLANG_WARN_COMMA = YES;
				CLANG_WARN_CONSTANT_CONVERSION = YES;
				CLANG_WARN_DEPRECATED_OBJC_IMPLEMENTATIONS = YES;
				CLANG_WARN_DIRECT_OBJC_ISA_USAGE = YES_ERROR;
				CLANG_WARN_DOCUMENTATION_COMMENTS = YES;
				CLANG_WARN_EMPTY_BODY = YES;
				CLANG_WARN_ENUM_CONVERSION = YES;
				CLANG_WARN_INFINITE_RECURSION = YES;
				CLANG_WARN_INT_CONVERSION = YES;
				CLANG_WARN_NON_LITERAL_NULL_CONVERSION = YES;
				CLANG_WARN_OBJC_IMPLICIT_RETAIN_SELF = YES;
				CLANG_WARN_OBJC_LITERAL_CONVERSION = YES;
				CLANG_WARN_OBJC_ROOT_CLASS = YES_ERROR;
				CLANG_WARN_QUOTED_INCLUDE_IN_FRAMEWORK_HEADER = YES;
				CLANG_WARN_RANGE_LOOP_ANALYSIS = YES;
				CLANG_WARN_STRICT_PROTOTYPES = YES;
				CLANG_WARN_SUSPICIOUS_MOVE = YES;
				CLANG_WARN_UNGUARDED_AVAILABILITY = YES_AGGRESSIVE;
				CLANG_WARN_UNREACHABLE_CODE = YES;
				CLANG_WARN__DUPLICATE_METHOD_MATCH = YES;
				COPY_PHASE_STRIP = NO;
				DEBUG_INFORMATION_FORMAT = dwarf;
				ENABLE_STRICT_OBJC_MSGSEND = YES;
				ENABLE_TESTABILITY = YES;
				GCC_C_LANGUAGE_STANDARD = gnu11;
				GCC_DYNAMIC_NO_PIC = NO;
				GCC_NO_COMMON_BLOCKS = YES;
				GCC_OPTIMIZATION_LEVEL = 0;
				GCC_PREPROCESSOR_DEFINITIONS = (
					"DEBUG=1",
					"$(inherited)",
				);
				GCC_WARN_64_TO_32_BIT_CONVERSION = YES;
				GCC_WARN_ABOUT_RETURN_TYPE = YES_ERROR;
				GCC_WARN_UNDECLARED_SELECTOR = YES;
				GCC_WARN_UNINITIALIZED_AUTOS = YES_AGGRESSIVE;
				GCC_WARN_UNUSED_FUNCTION = YES;
				GCC_WARN_UNUSED_VARIABLE = YES;
				IPHONEOS_DEPLOYMENT_TARGET = 16.4;
				MTL_ENABLE_DEBUG_INFO = INCLUDE_SOURCE;
				MTL_FAST_MATH = YES;
				ONLY_ACTIVE_ARCH = YES;
				SDKROOT = iphoneos;
				SWIFT_ACTIVE_COMPILATION_CONDITIONS = DEBUG;
				SWIFT_OPTIMIZATION_LEVEL = "-Onone";
			};
			name = Debug;
		};
		3C6F55E82ABCA9540072A0F4 /* Release */ = {
			isa = XCBuildConfiguration;
			buildSettings = {
				ALWAYS_SEARCH_USER_PATHS = NO;
				CLANG_ANALYZER_NONNULL = YES;
				CLANG_ANALYZER_NUMBER_OBJECT_CONVERSION = YES_AGGRESSIVE;
				CLANG_CXX_LANGUAGE_STANDARD = "gnu++20";
				CLANG_ENABLE_MODULES = YES;
				CLANG_ENABLE_OBJC_ARC = YES;
				CLANG_ENABLE_OBJC_WEAK = YES;
				CLANG_WARN_BLOCK_CAPTURE_AUTORELEASING = YES;
				CLANG_WARN_BOOL_CONVERSION = YES;
				CLANG_WARN_COMMA = YES;
				CLANG_WARN_CONSTANT_CONVERSION = YES;
				CLANG_WARN_DEPRECATED_OBJC_IMPLEMENTATIONS = YES;
				CLANG_WARN_DIRECT_OBJC_ISA_USAGE = YES_ERROR;
				CLANG_WARN_DOCUMENTATION_COMMENTS = YES;
				CLANG_WARN_EMPTY_BODY = YES;
				CLANG_WARN_ENUM_CONVERSION = YES;
				CLANG_WARN_INFINITE_RECURSION = YES;
				CLANG_WARN_INT_CONVERSION = YES;
				CLANG_WARN_NON_LITERAL_NULL_CONVERSION = YES;
				CLANG_WARN_OBJC_IMPLICIT_RETAIN_SELF = YES;
				CLANG_WARN_OBJC_LITERAL_CONVERSION = YES;
				CLANG_WARN_OBJC_ROOT_CLASS = YES_ERROR;
				CLANG_WARN_QUOTED_INCLUDE_IN_FRAMEWORK_HEADER = YES;
				CLANG_WARN_RANGE_LOOP_ANALYSIS = YES;
				CLANG_WARN_STRICT_PROTOTYPES = YES;
				CLANG_WARN_SUSPICIOUS_MOVE = YES;
				CLANG_WARN_UNGUARDED_AVAILABILITY = YES_AGGRESSIVE;
				CLANG_WARN_UNREACHABLE_CODE = YES;
				CLANG_WARN__DUPLICATE_METHOD_MATCH = YES;
				COPY_PHASE_STRIP = NO;
				DEBUG_INFORMATION_FORMAT = "dwarf-with-dsym";
				ENABLE_NS_ASSERTIONS = NO;
				ENABLE_STRICT_OBJC_MSGSEND = YES;
				GCC_C_LANGUAGE_STANDARD = gnu11;
				GCC_NO_COMMON_BLOCKS = YES;
				GCC_WARN_64_TO_32_BIT_CONVERSION = YES;
				GCC_WARN_ABOUT_RETURN_TYPE = YES_ERROR;
				GCC_WARN_UNDECLARED_SELECTOR = YES;
				GCC_WARN_UNINITIALIZED_AUTOS = YES_AGGRESSIVE;
				GCC_WARN_UNUSED_FUNCTION = YES;
				GCC_WARN_UNUSED_VARIABLE = YES;
				IPHONEOS_DEPLOYMENT_TARGET = 16.4;
				MTL_ENABLE_DEBUG_INFO = NO;
				MTL_FAST_MATH = YES;
				SDKROOT = iphoneos;
				SWIFT_COMPILATION_MODE = wholemodule;
				SWIFT_OPTIMIZATION_LEVEL = "-O";
				VALIDATE_PRODUCT = YES;
			};
			name = Release;
		};
		3C6F55EA2ABCA9540072A0F4 /* Debug */ = {
			isa = XCBuildConfiguration;
			buildSettings = {
				ASSETCATALOG_COMPILER_APPICON_NAME = AppIcon;
				ASSETCATALOG_COMPILER_GLOBAL_ACCENT_COLOR_NAME = AccentColor;
				CLANG_ENABLE_MODULES = YES;
				CODE_SIGN_IDENTITY = "Apple Development";
				CODE_SIGN_STYLE = Automatic;
				CURRENT_PROJECT_VERSION = 1;
				DEVELOPMENT_TEAM = YNAD5X38LN;
				GENERATE_INFOPLIST_FILE = YES;
				INFOPLIST_FILE = "DragonBall-APP/Info.plist";
				INFOPLIST_KEY_UIApplicationSupportsIndirectInputEvents = YES;
				INFOPLIST_KEY_UILaunchStoryboardName = LaunchScreen;
				INFOPLIST_KEY_UISupportedInterfaceOrientations_iPad = "UIInterfaceOrientationPortrait UIInterfaceOrientationPortraitUpsideDown UIInterfaceOrientationLandscapeLeft UIInterfaceOrientationLandscapeRight";
				INFOPLIST_KEY_UISupportedInterfaceOrientations_iPhone = "UIInterfaceOrientationPortrait UIInterfaceOrientationLandscapeLeft UIInterfaceOrientationLandscapeRight";
				LD_RUNPATH_SEARCH_PATHS = (
					"$(inherited)",
					"@executable_path/Frameworks",
				);
				MARKETING_VERSION = 1.0;
				PRODUCT_BUNDLE_IDENTIFIER = "Manuelcazalla.DragonBall-APP";
				PRODUCT_NAME = "$(TARGET_NAME)";
				PROVISIONING_PROFILE_SPECIFIER = "";
				SWIFT_EMIT_LOC_STRINGS = YES;
				SWIFT_OPTIMIZATION_LEVEL = "-Onone";
				SWIFT_VERSION = 5.0;
				TARGETED_DEVICE_FAMILY = "1,2";
			};
			name = Debug;
		};
		3C6F55EB2ABCA9540072A0F4 /* Release */ = {
			isa = XCBuildConfiguration;
			buildSettings = {
				ASSETCATALOG_COMPILER_APPICON_NAME = AppIcon;
				ASSETCATALOG_COMPILER_GLOBAL_ACCENT_COLOR_NAME = AccentColor;
				CLANG_ENABLE_MODULES = YES;
				CODE_SIGN_IDENTITY = "Apple Development";
				CODE_SIGN_STYLE = Automatic;
				CURRENT_PROJECT_VERSION = 1;
				DEVELOPMENT_TEAM = YNAD5X38LN;
				GENERATE_INFOPLIST_FILE = YES;
				INFOPLIST_FILE = "DragonBall-APP/Info.plist";
				INFOPLIST_KEY_UIApplicationSupportsIndirectInputEvents = YES;
				INFOPLIST_KEY_UILaunchStoryboardName = LaunchScreen;
				INFOPLIST_KEY_UISupportedInterfaceOrientations_iPad = "UIInterfaceOrientationPortrait UIInterfaceOrientationPortraitUpsideDown UIInterfaceOrientationLandscapeLeft UIInterfaceOrientationLandscapeRight";
				INFOPLIST_KEY_UISupportedInterfaceOrientations_iPhone = "UIInterfaceOrientationPortrait UIInterfaceOrientationLandscapeLeft UIInterfaceOrientationLandscapeRight";
				LD_RUNPATH_SEARCH_PATHS = (
					"$(inherited)",
					"@executable_path/Frameworks",
				);
				MARKETING_VERSION = 1.0;
				PRODUCT_BUNDLE_IDENTIFIER = "Manuelcazalla.DragonBall-APP";
				PRODUCT_NAME = "$(TARGET_NAME)";
				PROVISIONING_PROFILE_SPECIFIER = "";
				SWIFT_EMIT_LOC_STRINGS = YES;
				SWIFT_VERSION = 5.0;
				TARGETED_DEVICE_FAMILY = "1,2";
			};
			name = Release;
		};
		3C6F55ED2ABCA9540072A0F4 /* Debug */ = {
			isa = XCBuildConfiguration;
			buildSettings = {
				ALWAYS_EMBED_SWIFT_STANDARD_LIBRARIES = YES;
				BUNDLE_LOADER = "$(TEST_HOST)";
				CODE_SIGN_STYLE = Automatic;
				CURRENT_PROJECT_VERSION = 1;
				DEVELOPMENT_TEAM = YNAD5X38LN;
				GENERATE_INFOPLIST_FILE = YES;
				IPHONEOS_DEPLOYMENT_TARGET = 16.4;
				MARKETING_VERSION = 1.0;
				PRODUCT_BUNDLE_IDENTIFIER = "Manuelcazalla.DragonBall-APPTests";
				PRODUCT_NAME = "$(TARGET_NAME)";
				SWIFT_EMIT_LOC_STRINGS = NO;
				SWIFT_VERSION = 5.0;
				TARGETED_DEVICE_FAMILY = "1,2";
				TEST_HOST = "$(BUILT_PRODUCTS_DIR)/DragonBall-APP.app/$(BUNDLE_EXECUTABLE_FOLDER_PATH)/DragonBall-APP";
			};
			name = Debug;
		};
		3C6F55EE2ABCA9540072A0F4 /* Release */ = {
			isa = XCBuildConfiguration;
			buildSettings = {
				ALWAYS_EMBED_SWIFT_STANDARD_LIBRARIES = YES;
				BUNDLE_LOADER = "$(TEST_HOST)";
				CODE_SIGN_STYLE = Automatic;
				CURRENT_PROJECT_VERSION = 1;
				DEVELOPMENT_TEAM = YNAD5X38LN;
				GENERATE_INFOPLIST_FILE = YES;
				IPHONEOS_DEPLOYMENT_TARGET = 16.4;
				MARKETING_VERSION = 1.0;
				PRODUCT_BUNDLE_IDENTIFIER = "Manuelcazalla.DragonBall-APPTests";
				PRODUCT_NAME = "$(TARGET_NAME)";
				SWIFT_EMIT_LOC_STRINGS = NO;
				SWIFT_VERSION = 5.0;
				TARGETED_DEVICE_FAMILY = "1,2";
				TEST_HOST = "$(BUILT_PRODUCTS_DIR)/DragonBall-APP.app/$(BUNDLE_EXECUTABLE_FOLDER_PATH)/DragonBall-APP";
			};
			name = Release;
		};
		3C6F55F02ABCA9540072A0F4 /* Debug */ = {
			isa = XCBuildConfiguration;
			buildSettings = {
				ALWAYS_EMBED_SWIFT_STANDARD_LIBRARIES = YES;
				CODE_SIGN_STYLE = Automatic;
				CURRENT_PROJECT_VERSION = 1;
				DEVELOPMENT_TEAM = YNAD5X38LN;
				GENERATE_INFOPLIST_FILE = YES;
				MARKETING_VERSION = 1.0;
				PRODUCT_BUNDLE_IDENTIFIER = "Manuelcazalla.DragonBall-APPUITests";
				PRODUCT_NAME = "$(TARGET_NAME)";
				SWIFT_EMIT_LOC_STRINGS = NO;
				SWIFT_VERSION = 5.0;
				TARGETED_DEVICE_FAMILY = "1,2";
				TEST_TARGET_NAME = "DragonBall-APP";
			};
			name = Debug;
		};
		3C6F55F12ABCA9540072A0F4 /* Release */ = {
			isa = XCBuildConfiguration;
			buildSettings = {
				ALWAYS_EMBED_SWIFT_STANDARD_LIBRARIES = YES;
				CODE_SIGN_STYLE = Automatic;
				CURRENT_PROJECT_VERSION = 1;
				DEVELOPMENT_TEAM = YNAD5X38LN;
				GENERATE_INFOPLIST_FILE = YES;
				MARKETING_VERSION = 1.0;
				PRODUCT_BUNDLE_IDENTIFIER = "Manuelcazalla.DragonBall-APPUITests";
				PRODUCT_NAME = "$(TARGET_NAME)";
				SWIFT_EMIT_LOC_STRINGS = NO;
				SWIFT_VERSION = 5.0;
				TARGETED_DEVICE_FAMILY = "1,2";
				TEST_TARGET_NAME = "DragonBall-APP";
			};
			name = Release;
		};
/* End XCBuildConfiguration section */

/* Begin XCConfigurationList section */
		3C6F55BA2ABCA9520072A0F4 /* Build configuration list for PBXProject "DragonBall-APP" */ = {
			isa = XCConfigurationList;
			buildConfigurations = (
				3C6F55E72ABCA9540072A0F4 /* Debug */,
				3C6F55E82ABCA9540072A0F4 /* Release */,
			);
			defaultConfigurationIsVisible = 0;
			defaultConfigurationName = Release;
		};
		3C6F55E92ABCA9540072A0F4 /* Build configuration list for PBXNativeTarget "DragonBall-APP" */ = {
			isa = XCConfigurationList;
			buildConfigurations = (
				3C6F55EA2ABCA9540072A0F4 /* Debug */,
				3C6F55EB2ABCA9540072A0F4 /* Release */,
			);
			defaultConfigurationIsVisible = 0;
			defaultConfigurationName = Release;
		};
		3C6F55EC2ABCA9540072A0F4 /* Build configuration list for PBXNativeTarget "DragonBall-APPTests" */ = {
			isa = XCConfigurationList;
			buildConfigurations = (
				3C6F55ED2ABCA9540072A0F4 /* Debug */,
				3C6F55EE2ABCA9540072A0F4 /* Release */,
			);
			defaultConfigurationIsVisible = 0;
			defaultConfigurationName = Release;
		};
		3C6F55EF2ABCA9540072A0F4 /* Build configuration list for PBXNativeTarget "DragonBall-APPUITests" */ = {
			isa = XCConfigurationList;
			buildConfigurations = (
				3C6F55F02ABCA9540072A0F4 /* Debug */,
				3C6F55F12ABCA9540072A0F4 /* Release */,
			);
			defaultConfigurationIsVisible = 0;
			defaultConfigurationName = Release;
		};
/* End XCConfigurationList section */
	};
	rootObject = 3C6F55B72ABCA9520072A0F4 /* Project object */;
}
